
Microsoft Visual Studio Solution File, Format Version 12.00
# Visual Studio 15
VisualStudioVersion = 15.0.26730.10
MinimumVisualStudioVersion = 10.0.40219.1
Project("{FAE04EC0-301F-11D3-BF4B-00C04F79EFBC}") = "MFSL", "MFSL\MFSL.csproj", "{8DED901A-9011-4B80-9A5B-3A0D6374651B}"
EndProject
Project("{FAE04EC0-301F-11D3-BF4B-00C04F79EFBC}") = "Beta.Android", "Beta\Beta.Android\Beta.Android.csproj", "{123DBEB5-9ABF-4302-95BB-DDE7F4656807}"
EndProject
Project("{FAE04EC0-301F-11D3-BF4B-00C04F79EFBC}") = "Beta", "Beta\Beta\Beta.csproj", "{7757D484-2230-4DF9-A075-7C6DA8BBC0BA}"
EndProject
Project("{FAE04EC0-301F-11D3-BF4B-00C04F79EFBC}") = "Beta.UWP", "Beta\Beta.UWP\Beta.UWP.csproj", "{E5B1119C-A1C1-4FEB-A0D3-B67F5D599255}"
EndProject
Project("{FAE04EC0-301F-11D3-BF4B-00C04F79EFBC}") = "Beta.iOS", "Beta\Beta.iOS\Beta.iOS.csproj", "{83F50975-54A1-4BDC-B4D3-44E4550772A5}"
EndProject
Project("{2150E333-8FDC-42A3-9474-1A3956D46DE8}") = "Mobile", "Mobile", "{FAB83E2B-B778-4116-AB0A-5B7AA0116DED}"
EndProject
Project("{2150E333-8FDC-42A3-9474-1A3956D46DE8}") = "PCL", "PCL", "{A701B2B1-7BE0-4347-85E9-657E9FBC4031}"
EndProject
Project("{FAE04EC0-301F-11D3-BF4B-00C04F79EFBC}") = "RESTServices", "RESTServices\RESTServices.csproj", "{41A763DF-5EEC-451E-B49A-A1E2B921C0CB}"
EndProject
Global
	GlobalSection(SolutionConfigurationPlatforms) = preSolution
		Ad-Hoc|Any CPU = Ad-Hoc|Any CPU
		Ad-Hoc|ARM = Ad-Hoc|ARM
		Ad-Hoc|iPhone = Ad-Hoc|iPhone
		Ad-Hoc|iPhoneSimulator = Ad-Hoc|iPhoneSimulator
		Ad-Hoc|x64 = Ad-Hoc|x64
		Ad-Hoc|x86 = Ad-Hoc|x86
		AppStore|Any CPU = AppStore|Any CPU
		AppStore|ARM = AppStore|ARM
		AppStore|iPhone = AppStore|iPhone
		AppStore|iPhoneSimulator = AppStore|iPhoneSimulator
		AppStore|x64 = AppStore|x64
		AppStore|x86 = AppStore|x86
		Debug|Any CPU = Debug|Any CPU
		Debug|ARM = Debug|ARM
		Debug|iPhone = Debug|iPhone
		Debug|iPhoneSimulator = Debug|iPhoneSimulator
		Debug|x64 = Debug|x64
		Debug|x86 = Debug|x86
		Release|Any CPU = Release|Any CPU
		Release|ARM = Release|ARM
		Release|iPhone = Release|iPhone
		Release|iPhoneSimulator = Release|iPhoneSimulator
		Release|x64 = Release|x64
		Release|x86 = Release|x86
	EndGlobalSection
	GlobalSection(ProjectConfigurationPlatforms) = postSolution
		{8DED901A-9011-4B80-9A5B-3A0D6374651B}.Ad-Hoc|Any CPU.ActiveCfg = Release|Any CPU
		{8DED901A-9011-4B80-9A5B-3A0D6374651B}.Ad-Hoc|Any CPU.Build.0 = Release|Any CPU
		{8DED901A-9011-4B80-9A5B-3A0D6374651B}.Ad-Hoc|ARM.ActiveCfg = Release|Any CPU
		{8DED901A-9011-4B80-9A5B-3A0D6374651B}.Ad-Hoc|ARM.Build.0 = Release|Any CPU
		{8DED901A-9011-4B80-9A5B-3A0D6374651B}.Ad-Hoc|iPhone.ActiveCfg = Release|Any CPU
		{8DED901A-9011-4B80-9A5B-3A0D6374651B}.Ad-Hoc|iPhone.Build.0 = Release|Any CPU
		{8DED901A-9011-4B80-9A5B-3A0D6374651B}.Ad-Hoc|iPhoneSimulator.ActiveCfg = Release|Any CPU
		{8DED901A-9011-4B80-9A5B-3A0D6374651B}.Ad-Hoc|iPhoneSimulator.Build.0 = Release|Any CPU
		{8DED901A-9011-4B80-9A5B-3A0D6374651B}.Ad-Hoc|x64.ActiveCfg = Release|Any CPU
		{8DED901A-9011-4B80-9A5B-3A0D6374651B}.Ad-Hoc|x64.Build.0 = Release|Any CPU
		{8DED901A-9011-4B80-9A5B-3A0D6374651B}.Ad-Hoc|x86.ActiveCfg = Release|Any CPU
		{8DED901A-9011-4B80-9A5B-3A0D6374651B}.Ad-Hoc|x86.Build.0 = Release|Any CPU
		{8DED901A-9011-4B80-9A5B-3A0D6374651B}.AppStore|Any CPU.ActiveCfg = Release|Any CPU
		{8DED901A-9011-4B80-9A5B-3A0D6374651B}.AppStore|Any CPU.Build.0 = Release|Any CPU
		{8DED901A-9011-4B80-9A5B-3A0D6374651B}.AppStore|ARM.ActiveCfg = Release|Any CPU
		{8DED901A-9011-4B80-9A5B-3A0D6374651B}.AppStore|ARM.Build.0 = Release|Any CPU
		{8DED901A-9011-4B80-9A5B-3A0D6374651B}.AppStore|iPhone.ActiveCfg = Release|Any CPU
		{8DED901A-9011-4B80-9A5B-3A0D6374651B}.AppStore|iPhone.Build.0 = Release|Any CPU
		{8DED901A-9011-4B80-9A5B-3A0D6374651B}.AppStore|iPhoneSimulator.ActiveCfg = Release|Any CPU
		{8DED901A-9011-4B80-9A5B-3A0D6374651B}.AppStore|iPhoneSimulator.Build.0 = Release|Any CPU
		{8DED901A-9011-4B80-9A5B-3A0D6374651B}.AppStore|x64.ActiveCfg = Release|Any CPU
		{8DED901A-9011-4B80-9A5B-3A0D6374651B}.AppStore|x64.Build.0 = Release|Any CPU
		{8DED901A-9011-4B80-9A5B-3A0D6374651B}.AppStore|x86.ActiveCfg = Release|Any CPU
		{8DED901A-9011-4B80-9A5B-3A0D6374651B}.AppStore|x86.Build.0 = Release|Any CPU
		{8DED901A-9011-4B80-9A5B-3A0D6374651B}.Debug|Any CPU.ActiveCfg = Debug|Any CPU
		{8DED901A-9011-4B80-9A5B-3A0D6374651B}.Debug|Any CPU.Build.0 = Debug|Any CPU
		{8DED901A-9011-4B80-9A5B-3A0D6374651B}.Debug|ARM.ActiveCfg = Debug|Any CPU
		{8DED901A-9011-4B80-9A5B-3A0D6374651B}.Debug|ARM.Build.0 = Debug|Any CPU
		{8DED901A-9011-4B80-9A5B-3A0D6374651B}.Debug|iPhone.ActiveCfg = Debug|Any CPU
		{8DED901A-9011-4B80-9A5B-3A0D6374651B}.Debug|iPhone.Build.0 = Debug|Any CPU
		{8DED901A-9011-4B80-9A5B-3A0D6374651B}.Debug|iPhoneSimulator.ActiveCfg = Debug|Any CPU
		{8DED901A-9011-4B80-9A5B-3A0D6374651B}.Debug|iPhoneSimulator.Build.0 = Debug|Any CPU
		{8DED901A-9011-4B80-9A5B-3A0D6374651B}.Debug|x64.ActiveCfg = Debug|Any CPU
		{8DED901A-9011-4B80-9A5B-3A0D6374651B}.Debug|x64.Build.0 = Debug|Any CPU
		{8DED901A-9011-4B80-9A5B-3A0D6374651B}.Debug|x86.ActiveCfg = Debug|Any CPU
		{8DED901A-9011-4B80-9A5B-3A0D6374651B}.Debug|x86.Build.0 = Debug|Any CPU
		{8DED901A-9011-4B80-9A5B-3A0D6374651B}.Release|Any CPU.ActiveCfg = Release|Any CPU
		{8DED901A-9011-4B80-9A5B-3A0D6374651B}.Release|Any CPU.Build.0 = Release|Any CPU
		{8DED901A-9011-4B80-9A5B-3A0D6374651B}.Release|ARM.ActiveCfg = Release|Any CPU
		{8DED901A-9011-4B80-9A5B-3A0D6374651B}.Release|ARM.Build.0 = Release|Any CPU
		{8DED901A-9011-4B80-9A5B-3A0D6374651B}.Release|iPhone.ActiveCfg = Release|Any CPU
		{8DED901A-9011-4B80-9A5B-3A0D6374651B}.Release|iPhone.Build.0 = Release|Any CPU
		{8DED901A-9011-4B80-9A5B-3A0D6374651B}.Release|iPhoneSimulator.ActiveCfg = Release|Any CPU
		{8DED901A-9011-4B80-9A5B-3A0D6374651B}.Release|iPhoneSimulator.Build.0 = Release|Any CPU
		{8DED901A-9011-4B80-9A5B-3A0D6374651B}.Release|x64.ActiveCfg = Release|Any CPU
		{8DED901A-9011-4B80-9A5B-3A0D6374651B}.Release|x64.Build.0 = Release|Any CPU
		{8DED901A-9011-4B80-9A5B-3A0D6374651B}.Release|x86.ActiveCfg = Release|Any CPU
		{8DED901A-9011-4B80-9A5B-3A0D6374651B}.Release|x86.Build.0 = Release|Any CPU
		{123DBEB5-9ABF-4302-95BB-DDE7F4656807}.Ad-Hoc|Any CPU.ActiveCfg = Release|Any CPU
		{123DBEB5-9ABF-4302-95BB-DDE7F4656807}.Ad-Hoc|Any CPU.Build.0 = Release|Any CPU
		{123DBEB5-9ABF-4302-95BB-DDE7F4656807}.Ad-Hoc|Any CPU.Deploy.0 = Release|Any CPU
		{123DBEB5-9ABF-4302-95BB-DDE7F4656807}.Ad-Hoc|ARM.ActiveCfg = Release|Any CPU
		{123DBEB5-9ABF-4302-95BB-DDE7F4656807}.Ad-Hoc|ARM.Build.0 = Release|Any CPU
		{123DBEB5-9ABF-4302-95BB-DDE7F4656807}.Ad-Hoc|ARM.Deploy.0 = Release|Any CPU
		{123DBEB5-9ABF-4302-95BB-DDE7F4656807}.Ad-Hoc|iPhone.ActiveCfg = Release|Any CPU
		{123DBEB5-9ABF-4302-95BB-DDE7F4656807}.Ad-Hoc|iPhone.Build.0 = Release|Any CPU
		{123DBEB5-9ABF-4302-95BB-DDE7F4656807}.Ad-Hoc|iPhone.Deploy.0 = Release|Any CPU
		{123DBEB5-9ABF-4302-95BB-DDE7F4656807}.Ad-Hoc|iPhoneSimulator.ActiveCfg = Release|Any CPU
		{123DBEB5-9ABF-4302-95BB-DDE7F4656807}.Ad-Hoc|iPhoneSimulator.Build.0 = Release|Any CPU
		{123DBEB5-9ABF-4302-95BB-DDE7F4656807}.Ad-Hoc|iPhoneSimulator.Deploy.0 = Release|Any CPU
		{123DBEB5-9ABF-4302-95BB-DDE7F4656807}.Ad-Hoc|x64.ActiveCfg = Release|Any CPU
		{123DBEB5-9ABF-4302-95BB-DDE7F4656807}.Ad-Hoc|x64.Build.0 = Release|Any CPU
		{123DBEB5-9ABF-4302-95BB-DDE7F4656807}.Ad-Hoc|x64.Deploy.0 = Release|Any CPU
		{123DBEB5-9ABF-4302-95BB-DDE7F4656807}.Ad-Hoc|x86.ActiveCfg = Release|Any CPU
		{123DBEB5-9ABF-4302-95BB-DDE7F4656807}.Ad-Hoc|x86.Build.0 = Release|Any CPU
		{123DBEB5-9ABF-4302-95BB-DDE7F4656807}.Ad-Hoc|x86.Deploy.0 = Release|Any CPU
		{123DBEB5-9ABF-4302-95BB-DDE7F4656807}.AppStore|Any CPU.ActiveCfg = Release|Any CPU
		{123DBEB5-9ABF-4302-95BB-DDE7F4656807}.AppStore|Any CPU.Build.0 = Release|Any CPU
		{123DBEB5-9ABF-4302-95BB-DDE7F4656807}.AppStore|Any CPU.Deploy.0 = Release|Any CPU
		{123DBEB5-9ABF-4302-95BB-DDE7F4656807}.AppStore|ARM.ActiveCfg = Release|Any CPU
		{123DBEB5-9ABF-4302-95BB-DDE7F4656807}.AppStore|ARM.Build.0 = Release|Any CPU
		{123DBEB5-9ABF-4302-95BB-DDE7F4656807}.AppStore|ARM.Deploy.0 = Release|Any CPU
		{123DBEB5-9ABF-4302-95BB-DDE7F4656807}.AppStore|iPhone.ActiveCfg = Release|Any CPU
		{123DBEB5-9ABF-4302-95BB-DDE7F4656807}.AppStore|iPhone.Build.0 = Release|Any CPU
		{123DBEB5-9ABF-4302-95BB-DDE7F4656807}.AppStore|iPhone.Deploy.0 = Release|Any CPU
		{123DBEB5-9ABF-4302-95BB-DDE7F4656807}.AppStore|iPhoneSimulator.ActiveCfg = Release|Any CPU
		{123DBEB5-9ABF-4302-95BB-DDE7F4656807}.AppStore|iPhoneSimulator.Build.0 = Release|Any CPU
		{123DBEB5-9ABF-4302-95BB-DDE7F4656807}.AppStore|iPhoneSimulator.Deploy.0 = Release|Any CPU
		{123DBEB5-9ABF-4302-95BB-DDE7F4656807}.AppStore|x64.ActiveCfg = Release|Any CPU
		{123DBEB5-9ABF-4302-95BB-DDE7F4656807}.AppStore|x64.Build.0 = Release|Any CPU
		{123DBEB5-9ABF-4302-95BB-DDE7F4656807}.AppStore|x64.Deploy.0 = Release|Any CPU
		{123DBEB5-9ABF-4302-95BB-DDE7F4656807}.AppStore|x86.ActiveCfg = Release|Any CPU
		{123DBEB5-9ABF-4302-95BB-DDE7F4656807}.AppStore|x86.Build.0 = Release|Any CPU
		{123DBEB5-9ABF-4302-95BB-DDE7F4656807}.AppStore|x86.Deploy.0 = Release|Any CPU
		{123DBEB5-9ABF-4302-95BB-DDE7F4656807}.Debug|Any CPU.ActiveCfg = Debug|Any CPU
		{123DBEB5-9ABF-4302-95BB-DDE7F4656807}.Debug|ARM.ActiveCfg = Debug|Any CPU
		{123DBEB5-9ABF-4302-95BB-DDE7F4656807}.Debug|ARM.Build.0 = Debug|Any CPU
		{123DBEB5-9ABF-4302-95BB-DDE7F4656807}.Debug|ARM.Deploy.0 = Debug|Any CPU
		{123DBEB5-9ABF-4302-95BB-DDE7F4656807}.Debug|iPhone.ActiveCfg = Debug|Any CPU
		{123DBEB5-9ABF-4302-95BB-DDE7F4656807}.Debug|iPhone.Build.0 = Debug|Any CPU
		{123DBEB5-9ABF-4302-95BB-DDE7F4656807}.Debug|iPhone.Deploy.0 = Debug|Any CPU
		{123DBEB5-9ABF-4302-95BB-DDE7F4656807}.Debug|iPhoneSimulator.ActiveCfg = Debug|Any CPU
		{123DBEB5-9ABF-4302-95BB-DDE7F4656807}.Debug|iPhoneSimulator.Build.0 = Debug|Any CPU
		{123DBEB5-9ABF-4302-95BB-DDE7F4656807}.Debug|iPhoneSimulator.Deploy.0 = Debug|Any CPU
		{123DBEB5-9ABF-4302-95BB-DDE7F4656807}.Debug|x64.ActiveCfg = Debug|Any CPU
		{123DBEB5-9ABF-4302-95BB-DDE7F4656807}.Debug|x86.ActiveCfg = Debug|Any CPU
		{123DBEB5-9ABF-4302-95BB-DDE7F4656807}.Debug|x86.Build.0 = Debug|Any CPU
		{123DBEB5-9ABF-4302-95BB-DDE7F4656807}.Debug|x86.Deploy.0 = Debug|Any CPU
		{123DBEB5-9ABF-4302-95BB-DDE7F4656807}.Release|Any CPU.ActiveCfg = Release|Any CPU
		{123DBEB5-9ABF-4302-95BB-DDE7F4656807}.Release|Any CPU.Build.0 = Release|Any CPU
		{123DBEB5-9ABF-4302-95BB-DDE7F4656807}.Release|Any CPU.Deploy.0 = Release|Any CPU
		{123DBEB5-9ABF-4302-95BB-DDE7F4656807}.Release|ARM.ActiveCfg = Release|Any CPU
		{123DBEB5-9ABF-4302-95BB-DDE7F4656807}.Release|ARM.Build.0 = Release|Any CPU
		{123DBEB5-9ABF-4302-95BB-DDE7F4656807}.Release|ARM.Deploy.0 = Release|Any CPU
		{123DBEB5-9ABF-4302-95BB-DDE7F4656807}.Release|iPhone.ActiveCfg = Release|Any CPU
		{123DBEB5-9ABF-4302-95BB-DDE7F4656807}.Release|iPhone.Build.0 = Release|Any CPU
		{123DBEB5-9ABF-4302-95BB-DDE7F4656807}.Release|iPhone.Deploy.0 = Release|Any CPU
		{123DBEB5-9ABF-4302-95BB-DDE7F4656807}.Release|iPhoneSimulator.ActiveCfg = Release|Any CPU
		{123DBEB5-9ABF-4302-95BB-DDE7F4656807}.Release|iPhoneSimulator.Build.0 = Release|Any CPU
		{123DBEB5-9ABF-4302-95BB-DDE7F4656807}.Release|iPhoneSimulator.Deploy.0 = Release|Any CPU
		{123DBEB5-9ABF-4302-95BB-DDE7F4656807}.Release|x64.ActiveCfg = Release|Any CPU
		{123DBEB5-9ABF-4302-95BB-DDE7F4656807}.Release|x64.Build.0 = Release|Any CPU
		{123DBEB5-9ABF-4302-95BB-DDE7F4656807}.Release|x64.Deploy.0 = Release|Any CPU
		{123DBEB5-9ABF-4302-95BB-DDE7F4656807}.Release|x86.ActiveCfg = Release|Any CPU
		{123DBEB5-9ABF-4302-95BB-DDE7F4656807}.Release|x86.Build.0 = Release|Any CPU
		{123DBEB5-9ABF-4302-95BB-DDE7F4656807}.Release|x86.Deploy.0 = Release|Any CPU
		{7757D484-2230-4DF9-A075-7C6DA8BBC0BA}.Ad-Hoc|Any CPU.ActiveCfg = Release|Any CPU
		{7757D484-2230-4DF9-A075-7C6DA8BBC0BA}.Ad-Hoc|Any CPU.Build.0 = Release|Any CPU
		{7757D484-2230-4DF9-A075-7C6DA8BBC0BA}.Ad-Hoc|ARM.ActiveCfg = Release|Any CPU
		{7757D484-2230-4DF9-A075-7C6DA8BBC0BA}.Ad-Hoc|ARM.Build.0 = Release|Any CPU
		{7757D484-2230-4DF9-A075-7C6DA8BBC0BA}.Ad-Hoc|iPhone.ActiveCfg = Release|Any CPU
		{7757D484-2230-4DF9-A075-7C6DA8BBC0BA}.Ad-Hoc|iPhone.Build.0 = Release|Any CPU
		{7757D484-2230-4DF9-A075-7C6DA8BBC0BA}.Ad-Hoc|iPhoneSimulator.ActiveCfg = Release|Any CPU
		{7757D484-2230-4DF9-A075-7C6DA8BBC0BA}.Ad-Hoc|iPhoneSimulator.Build.0 = Release|Any CPU
		{7757D484-2230-4DF9-A075-7C6DA8BBC0BA}.Ad-Hoc|x64.ActiveCfg = Release|Any CPU
		{7757D484-2230-4DF9-A075-7C6DA8BBC0BA}.Ad-Hoc|x64.Build.0 = Release|Any CPU
		{7757D484-2230-4DF9-A075-7C6DA8BBC0BA}.Ad-Hoc|x86.ActiveCfg = Release|Any CPU
		{7757D484-2230-4DF9-A075-7C6DA8BBC0BA}.Ad-Hoc|x86.Build.0 = Release|Any CPU
		{7757D484-2230-4DF9-A075-7C6DA8BBC0BA}.AppStore|Any CPU.ActiveCfg = Release|Any CPU
		{7757D484-2230-4DF9-A075-7C6DA8BBC0BA}.AppStore|Any CPU.Build.0 = Release|Any CPU
		{7757D484-2230-4DF9-A075-7C6DA8BBC0BA}.AppStore|ARM.ActiveCfg = Release|Any CPU
		{7757D484-2230-4DF9-A075-7C6DA8BBC0BA}.AppStore|ARM.Build.0 = Release|Any CPU
		{7757D484-2230-4DF9-A075-7C6DA8BBC0BA}.AppStore|iPhone.ActiveCfg = Release|Any CPU
		{7757D484-2230-4DF9-A075-7C6DA8BBC0BA}.AppStore|iPhone.Build.0 = Release|Any CPU
		{7757D484-2230-4DF9-A075-7C6DA8BBC0BA}.AppStore|iPhoneSimulator.ActiveCfg = Release|Any CPU
		{7757D484-2230-4DF9-A075-7C6DA8BBC0BA}.AppStore|iPhoneSimulator.Build.0 = Release|Any CPU
		{7757D484-2230-4DF9-A075-7C6DA8BBC0BA}.AppStore|x64.ActiveCfg = Release|Any CPU
		{7757D484-2230-4DF9-A075-7C6DA8BBC0BA}.AppStore|x64.Build.0 = Release|Any CPU
		{7757D484-2230-4DF9-A075-7C6DA8BBC0BA}.AppStore|x86.ActiveCfg = Release|Any CPU
		{7757D484-2230-4DF9-A075-7C6DA8BBC0BA}.AppStore|x86.Build.0 = Release|Any CPU
		{7757D484-2230-4DF9-A075-7C6DA8BBC0BA}.Debug|Any CPU.ActiveCfg = Debug|Any CPU
		{7757D484-2230-4DF9-A075-7C6DA8BBC0BA}.Debug|ARM.ActiveCfg = Debug|Any CPU
		{7757D484-2230-4DF9-A075-7C6DA8BBC0BA}.Debug|ARM.Build.0 = Debug|Any CPU
		{7757D484-2230-4DF9-A075-7C6DA8BBC0BA}.Debug|iPhone.ActiveCfg = Debug|Any CPU
		{7757D484-2230-4DF9-A075-7C6DA8BBC0BA}.Debug|iPhone.Build.0 = Debug|Any CPU
		{7757D484-2230-4DF9-A075-7C6DA8BBC0BA}.Debug|iPhoneSimulator.ActiveCfg = Debug|Any CPU
		{7757D484-2230-4DF9-A075-7C6DA8BBC0BA}.Debug|iPhoneSimulator.Build.0 = Debug|Any CPU
		{7757D484-2230-4DF9-A075-7C6DA8BBC0BA}.Debug|x64.ActiveCfg = Debug|Any CPU
		{7757D484-2230-4DF9-A075-7C6DA8BBC0BA}.Debug|x86.ActiveCfg = Debug|Any CPU
		{7757D484-2230-4DF9-A075-7C6DA8BBC0BA}.Debug|x86.Build.0 = Debug|Any CPU
		{7757D484-2230-4DF9-A075-7C6DA8BBC0BA}.Release|Any CPU.ActiveCfg = Release|Any CPU
		{7757D484-2230-4DF9-A075-7C6DA8BBC0BA}.Release|Any CPU.Build.0 = Release|Any CPU
		{7757D484-2230-4DF9-A075-7C6DA8BBC0BA}.Release|ARM.ActiveCfg = Release|Any CPU
		{7757D484-2230-4DF9-A075-7C6DA8BBC0BA}.Release|ARM.Build.0 = Release|Any CPU
		{7757D484-2230-4DF9-A075-7C6DA8BBC0BA}.Release|iPhone.ActiveCfg = Release|Any CPU
		{7757D484-2230-4DF9-A075-7C6DA8BBC0BA}.Release|iPhone.Build.0 = Release|Any CPU
		{7757D484-2230-4DF9-A075-7C6DA8BBC0BA}.Release|iPhoneSimulator.ActiveCfg = Release|Any CPU
		{7757D484-2230-4DF9-A075-7C6DA8BBC0BA}.Release|iPhoneSimulator.Build.0 = Release|Any CPU
		{7757D484-2230-4DF9-A075-7C6DA8BBC0BA}.Release|x64.ActiveCfg = Release|Any CPU
		{7757D484-2230-4DF9-A075-7C6DA8BBC0BA}.Release|x64.Build.0 = Release|Any CPU
		{7757D484-2230-4DF9-A075-7C6DA8BBC0BA}.Release|x86.ActiveCfg = Release|Any CPU
		{7757D484-2230-4DF9-A075-7C6DA8BBC0BA}.Release|x86.Build.0 = Release|Any CPU
		{E5B1119C-A1C1-4FEB-A0D3-B67F5D599255}.Ad-Hoc|Any CPU.ActiveCfg = Release|x86
		{E5B1119C-A1C1-4FEB-A0D3-B67F5D599255}.Ad-Hoc|Any CPU.Build.0 = Release|x86
		{E5B1119C-A1C1-4FEB-A0D3-B67F5D599255}.Ad-Hoc|Any CPU.Deploy.0 = Release|x86
		{E5B1119C-A1C1-4FEB-A0D3-B67F5D599255}.Ad-Hoc|ARM.ActiveCfg = Release|ARM
		{E5B1119C-A1C1-4FEB-A0D3-B67F5D599255}.Ad-Hoc|ARM.Build.0 = Release|ARM
		{E5B1119C-A1C1-4FEB-A0D3-B67F5D599255}.Ad-Hoc|ARM.Deploy.0 = Release|ARM
		{E5B1119C-A1C1-4FEB-A0D3-B67F5D599255}.Ad-Hoc|iPhone.ActiveCfg = Release|x86
		{E5B1119C-A1C1-4FEB-A0D3-B67F5D599255}.Ad-Hoc|iPhone.Build.0 = Release|x86
		{E5B1119C-A1C1-4FEB-A0D3-B67F5D599255}.Ad-Hoc|iPhone.Deploy.0 = Release|x86
		{E5B1119C-A1C1-4FEB-A0D3-B67F5D599255}.Ad-Hoc|iPhoneSimulator.ActiveCfg = Release|x86
		{E5B1119C-A1C1-4FEB-A0D3-B67F5D599255}.Ad-Hoc|iPhoneSimulator.Build.0 = Release|x86
		{E5B1119C-A1C1-4FEB-A0D3-B67F5D599255}.Ad-Hoc|iPhoneSimulator.Deploy.0 = Release|x86
		{E5B1119C-A1C1-4FEB-A0D3-B67F5D599255}.Ad-Hoc|x64.ActiveCfg = Release|x64
		{E5B1119C-A1C1-4FEB-A0D3-B67F5D599255}.Ad-Hoc|x64.Build.0 = Release|x64
		{E5B1119C-A1C1-4FEB-A0D3-B67F5D599255}.Ad-Hoc|x64.Deploy.0 = Release|x64
		{E5B1119C-A1C1-4FEB-A0D3-B67F5D599255}.Ad-Hoc|x86.ActiveCfg = Release|x86
		{E5B1119C-A1C1-4FEB-A0D3-B67F5D599255}.Ad-Hoc|x86.Build.0 = Release|x86
		{E5B1119C-A1C1-4FEB-A0D3-B67F5D599255}.Ad-Hoc|x86.Deploy.0 = Release|x86
		{E5B1119C-A1C1-4FEB-A0D3-B67F5D599255}.AppStore|Any CPU.ActiveCfg = Release|x86
		{E5B1119C-A1C1-4FEB-A0D3-B67F5D599255}.AppStore|Any CPU.Build.0 = Release|x86
		{E5B1119C-A1C1-4FEB-A0D3-B67F5D599255}.AppStore|Any CPU.Deploy.0 = Release|x86
		{E5B1119C-A1C1-4FEB-A0D3-B67F5D599255}.AppStore|ARM.ActiveCfg = Release|ARM
		{E5B1119C-A1C1-4FEB-A0D3-B67F5D599255}.AppStore|ARM.Build.0 = Release|ARM
		{E5B1119C-A1C1-4FEB-A0D3-B67F5D599255}.AppStore|ARM.Deploy.0 = Release|ARM
		{E5B1119C-A1C1-4FEB-A0D3-B67F5D599255}.AppStore|iPhone.ActiveCfg = Release|x86
		{E5B1119C-A1C1-4FEB-A0D3-B67F5D599255}.AppStore|iPhone.Build.0 = Release|x86
		{E5B1119C-A1C1-4FEB-A0D3-B67F5D599255}.AppStore|iPhone.Deploy.0 = Release|x86
		{E5B1119C-A1C1-4FEB-A0D3-B67F5D599255}.AppStore|iPhoneSimulator.ActiveCfg = Release|x86
		{E5B1119C-A1C1-4FEB-A0D3-B67F5D599255}.AppStore|iPhoneSimulator.Build.0 = Release|x86
		{E5B1119C-A1C1-4FEB-A0D3-B67F5D599255}.AppStore|iPhoneSimulator.Deploy.0 = Release|x86
		{E5B1119C-A1C1-4FEB-A0D3-B67F5D599255}.AppStore|x64.ActiveCfg = Release|x64
		{E5B1119C-A1C1-4FEB-A0D3-B67F5D599255}.AppStore|x64.Build.0 = Release|x64
		{E5B1119C-A1C1-4FEB-A0D3-B67F5D599255}.AppStore|x64.Deploy.0 = Release|x64
		{E5B1119C-A1C1-4FEB-A0D3-B67F5D599255}.AppStore|x86.ActiveCfg = Release|x86
		{E5B1119C-A1C1-4FEB-A0D3-B67F5D599255}.AppStore|x86.Build.0 = Release|x86
		{E5B1119C-A1C1-4FEB-A0D3-B67F5D599255}.AppStore|x86.Deploy.0 = Release|x86
		{E5B1119C-A1C1-4FEB-A0D3-B67F5D599255}.Debug|Any CPU.ActiveCfg = Debug|x86
		{E5B1119C-A1C1-4FEB-A0D3-B67F5D599255}.Debug|ARM.ActiveCfg = Debug|ARM
		{E5B1119C-A1C1-4FEB-A0D3-B67F5D599255}.Debug|ARM.Build.0 = Debug|ARM
		{E5B1119C-A1C1-4FEB-A0D3-B67F5D599255}.Debug|ARM.Deploy.0 = Debug|ARM
		{E5B1119C-A1C1-4FEB-A0D3-B67F5D599255}.Debug|iPhone.ActiveCfg = Debug|x86
		{E5B1119C-A1C1-4FEB-A0D3-B67F5D599255}.Debug|iPhoneSimulator.ActiveCfg = Debug|x86
		{E5B1119C-A1C1-4FEB-A0D3-B67F5D599255}.Debug|x64.ActiveCfg = Debug|x64
		{E5B1119C-A1C1-4FEB-A0D3-B67F5D599255}.Debug|x86.ActiveCfg = Debug|x86
		{E5B1119C-A1C1-4FEB-A0D3-B67F5D599255}.Debug|x86.Build.0 = Debug|x86
		{E5B1119C-A1C1-4FEB-A0D3-B67F5D599255}.Debug|x86.Deploy.0 = Debug|x86
		{E5B1119C-A1C1-4FEB-A0D3-B67F5D599255}.Release|Any CPU.ActiveCfg = Release|x86
		{E5B1119C-A1C1-4FEB-A0D3-B67F5D599255}.Release|ARM.ActiveCfg = Release|ARM
		{E5B1119C-A1C1-4FEB-A0D3-B67F5D599255}.Release|ARM.Build.0 = Release|ARM
		{E5B1119C-A1C1-4FEB-A0D3-B67F5D599255}.Release|ARM.Deploy.0 = Release|ARM
		{E5B1119C-A1C1-4FEB-A0D3-B67F5D599255}.Release|iPhone.ActiveCfg = Release|x86
		{E5B1119C-A1C1-4FEB-A0D3-B67F5D599255}.Release|iPhoneSimulator.ActiveCfg = Release|x86
		{E5B1119C-A1C1-4FEB-A0D3-B67F5D599255}.Release|x64.ActiveCfg = Release|x64
		{E5B1119C-A1C1-4FEB-A0D3-B67F5D599255}.Release|x64.Build.0 = Release|x64
		{E5B1119C-A1C1-4FEB-A0D3-B67F5D599255}.Release|x64.Deploy.0 = Release|x64
		{E5B1119C-A1C1-4FEB-A0D3-B67F5D599255}.Release|x86.ActiveCfg = Release|x86
		{E5B1119C-A1C1-4FEB-A0D3-B67F5D599255}.Release|x86.Build.0 = Release|x86
		{E5B1119C-A1C1-4FEB-A0D3-B67F5D599255}.Release|x86.Deploy.0 = Release|x86
		{83F50975-54A1-4BDC-B4D3-44E4550772A5}.Ad-Hoc|Any CPU.ActiveCfg = Ad-Hoc|iPhone
		{83F50975-54A1-4BDC-B4D3-44E4550772A5}.Ad-Hoc|ARM.ActiveCfg = Ad-Hoc|iPhone
		{83F50975-54A1-4BDC-B4D3-44E4550772A5}.Ad-Hoc|iPhone.ActiveCfg = Ad-Hoc|iPhone
		{83F50975-54A1-4BDC-B4D3-44E4550772A5}.Ad-Hoc|iPhone.Build.0 = Ad-Hoc|iPhone
		{83F50975-54A1-4BDC-B4D3-44E4550772A5}.Ad-Hoc|iPhoneSimulator.ActiveCfg = Ad-Hoc|iPhoneSimulator
		{83F50975-54A1-4BDC-B4D3-44E4550772A5}.Ad-Hoc|iPhoneSimulator.Build.0 = Ad-Hoc|iPhoneSimulator
		{83F50975-54A1-4BDC-B4D3-44E4550772A5}.Ad-Hoc|x64.ActiveCfg = Ad-Hoc|iPhone
		{83F50975-54A1-4BDC-B4D3-44E4550772A5}.Ad-Hoc|x86.ActiveCfg = Ad-Hoc|iPhone
		{83F50975-54A1-4BDC-B4D3-44E4550772A5}.AppStore|Any CPU.ActiveCfg = AppStore|iPhone
		{83F50975-54A1-4BDC-B4D3-44E4550772A5}.AppStore|ARM.ActiveCfg = AppStore|iPhone
		{83F50975-54A1-4BDC-B4D3-44E4550772A5}.AppStore|iPhone.ActiveCfg = AppStore|iPhone
		{83F50975-54A1-4BDC-B4D3-44E4550772A5}.AppStore|iPhone.Build.0 = AppStore|iPhone
		{83F50975-54A1-4BDC-B4D3-44E4550772A5}.AppStore|iPhoneSimulator.ActiveCfg = AppStore|iPhoneSimulator
		{83F50975-54A1-4BDC-B4D3-44E4550772A5}.AppStore|iPhoneSimulator.Build.0 = AppStore|iPhoneSimulator
		{83F50975-54A1-4BDC-B4D3-44E4550772A5}.AppStore|x64.ActiveCfg = AppStore|iPhone
		{83F50975-54A1-4BDC-B4D3-44E4550772A5}.AppStore|x86.ActiveCfg = AppStore|iPhone
		{83F50975-54A1-4BDC-B4D3-44E4550772A5}.Debug|Any CPU.ActiveCfg = Debug|iPhone
		{83F50975-54A1-4BDC-B4D3-44E4550772A5}.Debug|ARM.ActiveCfg = Debug|iPhone
		{83F50975-54A1-4BDC-B4D3-44E4550772A5}.Debug|iPhone.ActiveCfg = Debug|iPhone
		{83F50975-54A1-4BDC-B4D3-44E4550772A5}.Debug|iPhone.Build.0 = Debug|iPhone
		{83F50975-54A1-4BDC-B4D3-44E4550772A5}.Debug|iPhoneSimulator.ActiveCfg = Debug|iPhoneSimulator
		{83F50975-54A1-4BDC-B4D3-44E4550772A5}.Debug|iPhoneSimulator.Build.0 = Debug|iPhoneSimulator
		{83F50975-54A1-4BDC-B4D3-44E4550772A5}.Debug|x64.ActiveCfg = Debug|iPhone
		{83F50975-54A1-4BDC-B4D3-44E4550772A5}.Debug|x86.ActiveCfg = Debug|iPhone
		{83F50975-54A1-4BDC-B4D3-44E4550772A5}.Release|Any CPU.ActiveCfg = Release|iPhone
		{83F50975-54A1-4BDC-B4D3-44E4550772A5}.Release|ARM.ActiveCfg = Release|iPhone
		{83F50975-54A1-4BDC-B4D3-44E4550772A5}.Release|iPhone.ActiveCfg = Release|iPhone
		{83F50975-54A1-4BDC-B4D3-44E4550772A5}.Release|iPhone.Build.0 = Release|iPhone
		{83F50975-54A1-4BDC-B4D3-44E4550772A5}.Release|iPhoneSimulator.ActiveCfg = Release|iPhoneSimulator
		{83F50975-54A1-4BDC-B4D3-44E4550772A5}.Release|iPhoneSimulator.Build.0 = Release|iPhoneSimulator
		{83F50975-54A1-4BDC-B4D3-44E4550772A5}.Release|x64.ActiveCfg = Release|iPhone
		{83F50975-54A1-4BDC-B4D3-44E4550772A5}.Release|x86.ActiveCfg = Release|iPhone
		{41A763DF-5EEC-451E-B49A-A1E2B921C0CB}.Ad-Hoc|Any CPU.ActiveCfg = Release|Any CPU
		{41A763DF-5EEC-451E-B49A-A1E2B921C0CB}.Ad-Hoc|Any CPU.Build.0 = Release|Any CPU
		{41A763DF-5EEC-451E-B49A-A1E2B921C0CB}.Ad-Hoc|ARM.ActiveCfg = Release|Any CPU
		{41A763DF-5EEC-451E-B49A-A1E2B921C0CB}.Ad-Hoc|ARM.Build.0 = Release|Any CPU
		{41A763DF-5EEC-451E-B49A-A1E2B921C0CB}.Ad-Hoc|iPhone.ActiveCfg = Release|Any CPU
		{41A763DF-5EEC-451E-B49A-A1E2B921C0CB}.Ad-Hoc|iPhone.Build.0 = Release|Any CPU
		{41A763DF-5EEC-451E-B49A-A1E2B921C0CB}.Ad-Hoc|iPhoneSimulator.ActiveCfg = Release|Any CPU
		{41A763DF-5EEC-451E-B49A-A1E2B921C0CB}.Ad-Hoc|iPhoneSimulator.Build.0 = Release|Any CPU
		{41A763DF-5EEC-451E-B49A-A1E2B921C0CB}.Ad-Hoc|x64.ActiveCfg = Release|Any CPU
		{41A763DF-5EEC-451E-B49A-A1E2B921C0CB}.Ad-Hoc|x64.Build.0 = Release|Any CPU
		{41A763DF-5EEC-451E-B49A-A1E2B921C0CB}.Ad-Hoc|x86.ActiveCfg = Release|Any CPU
		{41A763DF-5EEC-451E-B49A-A1E2B921C0CB}.Ad-Hoc|x86.Build.0 = Release|Any CPU
		{41A763DF-5EEC-451E-B49A-A1E2B921C0CB}.AppStore|Any CPU.ActiveCfg = Release|Any CPU
		{41A763DF-5EEC-451E-B49A-A1E2B921C0CB}.AppStore|Any CPU.Build.0 = Release|Any CPU
		{41A763DF-5EEC-451E-B49A-A1E2B921C0CB}.AppStore|ARM.ActiveCfg = Release|Any CPU
		{41A763DF-5EEC-451E-B49A-A1E2B921C0CB}.AppStore|ARM.Build.0 = Release|Any CPU
		{41A763DF-5EEC-451E-B49A-A1E2B921C0CB}.AppStore|iPhone.ActiveCfg = Release|Any CPU
		{41A763DF-5EEC-451E-B49A-A1E2B921C0CB}.AppStore|iPhone.Build.0 = Release|Any CPU
		{41A763DF-5EEC-451E-B49A-A1E2B921C0CB}.AppStore|iPhoneSimulator.ActiveCfg = Release|Any CPU
		{41A763DF-5EEC-451E-B49A-A1E2B921C0CB}.AppStore|iPhoneSimulator.Build.0 = Release|Any CPU
		{41A763DF-5EEC-451E-B49A-A1E2B921C0CB}.AppStore|x64.ActiveCfg = Release|Any CPU
		{41A763DF-5EEC-451E-B49A-A1E2B921C0CB}.AppStore|x64.Build.0 = Release|Any CPU
		{41A763DF-5EEC-451E-B49A-A1E2B921C0CB}.AppStore|x86.ActiveCfg = Release|Any CPU
		{41A763DF-5EEC-451E-B49A-A1E2B921C0CB}.AppStore|x86.Build.0 = Release|Any CPU
		{41A763DF-5EEC-451E-B49A-A1E2B921C0CB}.Debug|Any CPU.ActiveCfg = Debug|Any CPU
		{41A763DF-5EEC-451E-B49A-A1E2B921C0CB}.Debug|Any CPU.Build.0 = Debug|Any CPU
		{41A763DF-5EEC-451E-B49A-A1E2B921C0CB}.Debug|ARM.ActiveCfg = Debug|Any CPU
		{41A763DF-5EEC-451E-B49A-A1E2B921C0CB}.Debug|ARM.Build.0 = Debug|Any CPU
		{41A763DF-5EEC-451E-B49A-A1E2B921C0CB}.Debug|iPhone.ActiveCfg = Debug|Any CPU
		{41A763DF-5EEC-451E-B49A-A1E2B921C0CB}.Debug|iPhone.Build.0 = Debug|Any CPU
		{41A763DF-5EEC-451E-B49A-A1E2B921C0CB}.Debug|iPhoneSimulator.ActiveCfg = Debug|Any CPU
		{41A763DF-5EEC-451E-B49A-A1E2B921C0CB}.Debug|iPhoneSimulator.Build.0 = Debug|Any CPU
		{41A763DF-5EEC-451E-B49A-A1E2B921C0CB}.Debug|x64.ActiveCfg = Debug|Any CPU
		{41A763DF-5EEC-451E-B49A-A1E2B921C0CB}.Debug|x64.Build.0 = Debug|Any CPU
		{41A763DF-5EEC-451E-B49A-A1E2B921C0CB}.Debug|x86.ActiveCfg = Debug|Any CPU
		{41A763DF-5EEC-451E-B49A-A1E2B921C0CB}.Debug|x86.Build.0 = Debug|Any CPU
		{41A763DF-5EEC-451E-B49A-A1E2B921C0CB}.Release|Any CPU.ActiveCfg = Release|Any CPU
		{41A763DF-5EEC-451E-B49A-A1E2B921C0CB}.Release|Any CPU.Build.0 = Release|Any CPU
		{41A763DF-5EEC-451E-B49A-A1E2B921C0CB}.Release|ARM.ActiveCfg = Release|Any CPU
		{41A763DF-5EEC-451E-B49A-A1E2B921C0CB}.Release|ARM.Build.0 = Release|Any CPU
		{41A763DF-5EEC-451E-B49A-A1E2B921C0CB}.Release|iPhone.ActiveCfg = Release|Any CPU
		{41A763DF-5EEC-451E-B49A-A1E2B921C0CB}.Release|iPhone.Build.0 = Release|Any CPU
		{41A763DF-5EEC-451E-B49A-A1E2B921C0CB}.Release|iPhoneSimulator.ActiveCfg = Release|Any CPU
		{41A763DF-5EEC-451E-B49A-A1E2B921C0CB}.Release|iPhoneSimulator.Build.0 = Release|Any CPU
		{41A763DF-5EEC-451E-B49A-A1E2B921C0CB}.Release|x64.ActiveCfg = Release|Any CPU
		{41A763DF-5EEC-451E-B49A-A1E2B921C0CB}.Release|x64.Build.0 = Release|Any CPU
		{41A763DF-5EEC-451E-B49A-A1E2B921C0CB}.Release|x86.ActiveCfg = Release|Any CPU
		{41A763DF-5EEC-451E-B49A-A1E2B921C0CB}.Release|x86.Build.0 = Release|Any CPU
	EndGlobalSection
	GlobalSection(SolutionProperties) = preSolution
		HideSolutionNode = FALSE
	EndGlobalSection
	GlobalSection(NestedProjects) = preSolution
		{123DBEB5-9ABF-4302-95BB-DDE7F4656807} = {FAB83E2B-B778-4116-AB0A-5B7AA0116DED}
		{7757D484-2230-4DF9-A075-7C6DA8BBC0BA} = {A701B2B1-7BE0-4347-85E9-657E9FBC4031}
		{E5B1119C-A1C1-4FEB-A0D3-B67F5D599255} = {FAB83E2B-B778-4116-AB0A-5B7AA0116DED}
		{83F50975-54A1-4BDC-B4D3-44E4550772A5} = {FAB83E2B-B778-4116-AB0A-5B7AA0116DED}
		{A701B2B1-7BE0-4347-85E9-657E9FBC4031} = {FAB83E2B-B778-4116-AB0A-5B7AA0116DED}
	EndGlobalSection
	GlobalSection(ExtensibilityGlobals) = postSolution
		SolutionGuid = {4FCEA1AD-90B1-4BE4-BD5B-26E93B8C37F9}
	EndGlobalSection
EndGlobal
